
Microsoft Visual Studio Solution File, Format Version 12.00
# Visual Studio Version 17
VisualStudioVersion = 17.10.35027.167
MinimumVisualStudioVersion = 10.0.40219.1
Project("{FAE04EC0-301F-11D3-BF4B-00C04F79EFBC}") = "Order", "Order.csproj", "{97BF1D03-9DB4-40BD-A236-BCE66047A3B2}"
EndProject
Global
	GlobalSection(SolutionConfigurationPlatforms) = preSolution
		Debug|Any CPU = Debug|Any CPU
		Release|Any CPU = Release|Any CPU
	EndGlobalSection
	GlobalSection(ProjectConfigurationPlatforms) = postSolution
		{97BF1D03-9DB4-40BD-A236-BCE66047A3B2}.Debug|Any CPU.ActiveCfg = Debug|Any CPU
		{97BF1D03-9DB4-40BD-A236-BCE66047A3B2}.Debug|Any CPU.Build.0 = Debug|Any CPU
		{97BF1D03-9DB4-40BD-A236-BCE66047A3B2}.Release|Any CPU.ActiveCfg = Release|Any CPU
		{97BF1D03-9DB4-40BD-A236-BCE66047A3B2}.Release|Any CPU.Build.0 = Release|Any CPU
	EndGlobalSection
	GlobalSection(SolutionProperties) = preSolution
		HideSolutionNode = FALSE
	EndGlobalSection
	GlobalSection(ExtensibilityGlobals) = postSolution
		SolutionGuid = {F7D7FA15-31A3-4958-AECA-5778830E6732}
	EndGlobalSection
EndGlobal
